
Microsoft Visual Studio Solution File, Format Version 12.00
# Visual Studio Version 16
VisualStudioVersion = 16.0.31019.35
MinimumVisualStudioVersion = 10.0.40219.1
Project("{FAE04EC0-301F-11D3-BF4B-00C04F79EFBC}") = "MyCoolNewMod", "MyCoolNewMod.csproj", "{D80B53EF-69B1-4792-A268-AF2488280B88}"
EndProject
Global
	GlobalSection(SolutionConfigurationPlatforms) = preSolution
		Debug|Any CPU = Debug|Any CPU
		Release|Any CPU = Release|Any CPU
	EndGlobalSection
	GlobalSection(ProjectConfigurationPlatforms) = postSolution
		{D80B53EF-69B1-4792-A268-AF2488280B88}.Debug|Any CPU.ActiveCfg = Debug|Any CPU
		{D80B53EF-69B1-4792-A268-AF2488280B88}.Debug|Any CPU.Build.0 = Debug|Any CPU
		{D80B53EF-69B1-4792-A268-AF2488280B88}.Release|Any CPU.ActiveCfg = Release|Any CPU
		{D80B53EF-69B1-4792-A268-AF2488280B88}.Release|Any CPU.Build.0 = Release|Any CPU
	EndGlobalSection
	GlobalSection(SolutionProperties) = preSolution
		HideSolutionNode = FALSE
	EndGlobalSection
	GlobalSection(ExtensibilityGlobals) = postSolution
		SolutionGuid = {DBD08F3B-6EF0-4F7E-BC54-4529AE4EC9AD}
	EndGlobalSection
EndGlobal
